
Microsoft Visual Studio Solution File, Format Version 12.00
# Visual Studio Version 17
VisualStudioVersion = 17.11.35327.3
MinimumVisualStudioVersion = 10.0.40219.1
Project("{FAE04EC0-301F-11D3-BF4B-00C04F79EFBC}") = "Operadores", "Operadores\Operadores.csproj", "{3FAC1555-159C-4D41-8FD7-646C03327E32}"
EndProject
Global
	GlobalSection(SolutionConfigurationPlatforms) = preSolution
		Debug|Any CPU = Debug|Any CPU
		Release|Any CPU = Release|Any CPU
	EndGlobalSection
	GlobalSection(ProjectConfigurationPlatforms) = postSolution
		{3FAC1555-159C-4D41-8FD7-646C03327E32}.Debug|Any CPU.ActiveCfg = Debug|Any CPU
		{3FAC1555-159C-4D41-8FD7-646C03327E32}.Debug|Any CPU.Build.0 = Debug|Any CPU
		{3FAC1555-159C-4D41-8FD7-646C03327E32}.Release|Any CPU.ActiveCfg = Release|Any CPU
		{3FAC1555-159C-4D41-8FD7-646C03327E32}.Release|Any CPU.Build.0 = Release|Any CPU
	EndGlobalSection
	GlobalSection(SolutionProperties) = preSolution
		HideSolutionNode = FALSE
	EndGlobalSection
	GlobalSection(ExtensibilityGlobals) = postSolution
		SolutionGuid = {0E13E94A-A25D-4C0C-98D5-4B381B7A889B}
	EndGlobalSection
EndGlobal
