
Microsoft Visual Studio Solution File, Format Version 12.00
# Visual Studio Version 17
VisualStudioVersion = 17.11.35327.3
MinimumVisualStudioVersion = 10.0.40219.1
Project("{FAE04EC0-301F-11D3-BF4B-00C04F79EFBC}") = "MultiplicarMatrizes", "MultiplicarMatrizes\MultiplicarMatrizes.csproj", "{2AFA8F74-DF5F-4678-8FFF-35D6DB73E4C6}"
EndProject
Global
	GlobalSection(SolutionConfigurationPlatforms) = preSolution
		Debug|Any CPU = Debug|Any CPU
		Release|Any CPU = Release|Any CPU
	EndGlobalSection
	GlobalSection(ProjectConfigurationPlatforms) = postSolution
		{2AFA8F74-DF5F-4678-8FFF-35D6DB73E4C6}.Debug|Any CPU.ActiveCfg = Debug|Any CPU
		{2AFA8F74-DF5F-4678-8FFF-35D6DB73E4C6}.Debug|Any CPU.Build.0 = Debug|Any CPU
		{2AFA8F74-DF5F-4678-8FFF-35D6DB73E4C6}.Release|Any CPU.ActiveCfg = Release|Any CPU
		{2AFA8F74-DF5F-4678-8FFF-35D6DB73E4C6}.Release|Any CPU.Build.0 = Release|Any CPU
	EndGlobalSection
	GlobalSection(SolutionProperties) = preSolution
		HideSolutionNode = FALSE
	EndGlobalSection
	GlobalSection(ExtensibilityGlobals) = postSolution
		SolutionGuid = {A1CCC3F2-BABE-48B0-8797-83E0F80C25EE}
	EndGlobalSection
EndGlobal
